
Microsoft Visual Studio Solution File, Format Version 12.00
# Visual Studio Version 17
VisualStudioVersion = 17.6.33801.468
MinimumVisualStudioVersion = 10.0.40219.1
Project("{9A19103F-16F7-4668-BE54-9A1E7A4F7556}") = "Shopping.Client", "Shopping.Client\Shopping.Client.csproj", "{EE2634FC-3B39-4E99-A275-3D4AB527D8DE}"
EndProject
Project("{9A19103F-16F7-4668-BE54-9A1E7A4F7556}") = "Shopping.API", "Shopping.API\Shopping.API.csproj", "{349A545B-172C-4C20-B6E3-0C73A607888F}"
EndProject
Project("{E53339B2-1760-4266-BCC7-CA923CBCF16C}") = "docker-compose", "docker-compose.dcproj", "{97D5C380-E9F7-4D3E-8CD8-67F93EDAD1E5}"
EndProject
Global
	GlobalSection(SolutionConfigurationPlatforms) = preSolution
		Debug|Any CPU = Debug|Any CPU
		Release|Any CPU = Release|Any CPU
	EndGlobalSection
	GlobalSection(ProjectConfigurationPlatforms) = postSolution
		{EE2634FC-3B39-4E99-A275-3D4AB527D8DE}.Debug|Any CPU.ActiveCfg = Debug|Any CPU
		{EE2634FC-3B39-4E99-A275-3D4AB527D8DE}.Debug|Any CPU.Build.0 = Debug|Any CPU
		{EE2634FC-3B39-4E99-A275-3D4AB527D8DE}.Release|Any CPU.ActiveCfg = Release|Any CPU
		{EE2634FC-3B39-4E99-A275-3D4AB527D8DE}.Release|Any CPU.Build.0 = Release|Any CPU
		{349A545B-172C-4C20-B6E3-0C73A607888F}.Debug|Any CPU.ActiveCfg = Debug|Any CPU
		{349A545B-172C-4C20-B6E3-0C73A607888F}.Debug|Any CPU.Build.0 = Debug|Any CPU
		{349A545B-172C-4C20-B6E3-0C73A607888F}.Release|Any CPU.ActiveCfg = Release|Any CPU
		{349A545B-172C-4C20-B6E3-0C73A607888F}.Release|Any CPU.Build.0 = Release|Any CPU
		{97D5C380-E9F7-4D3E-8CD8-67F93EDAD1E5}.Debug|Any CPU.ActiveCfg = Debug|Any CPU
		{97D5C380-E9F7-4D3E-8CD8-67F93EDAD1E5}.Debug|Any CPU.Build.0 = Debug|Any CPU
		{97D5C380-E9F7-4D3E-8CD8-67F93EDAD1E5}.Release|Any CPU.ActiveCfg = Release|Any CPU
		{97D5C380-E9F7-4D3E-8CD8-67F93EDAD1E5}.Release|Any CPU.Build.0 = Release|Any CPU
	EndGlobalSection
	GlobalSection(SolutionProperties) = preSolution
		HideSolutionNode = FALSE
	EndGlobalSection
	GlobalSection(ExtensibilityGlobals) = postSolution
		SolutionGuid = {BDD98143-CD05-49A0-BB47-E9C814C81038}
	EndGlobalSection
EndGlobal
